
Microsoft Visual Studio Solution File, Format Version 12.00
# Visual Studio Version 17
VisualStudioVersion = 17.1.32414.318
MinimumVisualStudioVersion = 10.0.40219.1
Project("{FAE04EC0-301F-11D3-BF4B-00C04F79EFBC}") = "ToDoRestApi", "ToDoRestApi\ToDoRestApi.csproj", "{95468C89-D729-455B-B41A-5B1760784019}"
EndProject
Global
	GlobalSection(SolutionConfigurationPlatforms) = preSolution
		Debug|Any CPU = Debug|Any CPU
		Release|Any CPU = Release|Any CPU
	EndGlobalSection
	GlobalSection(ProjectConfigurationPlatforms) = postSolution
		{95468C89-D729-455B-B41A-5B1760784019}.Debug|Any CPU.ActiveCfg = Debug|Any CPU
		{95468C89-D729-455B-B41A-5B1760784019}.Debug|Any CPU.Build.0 = Debug|Any CPU
		{95468C89-D729-455B-B41A-5B1760784019}.Release|Any CPU.ActiveCfg = Release|Any CPU
		{95468C89-D729-455B-B41A-5B1760784019}.Release|Any CPU.Build.0 = Release|Any CPU
	EndGlobalSection
	GlobalSection(SolutionProperties) = preSolution
		HideSolutionNode = FALSE
	EndGlobalSection
	GlobalSection(ExtensibilityGlobals) = postSolution
		SolutionGuid = {22788272-C002-4215-942F-FA016F1EF670}
	EndGlobalSection
EndGlobal
